
Microsoft Visual Studio Solution File, Format Version 12.00
# Visual Studio Version 17
VisualStudioVersion = 17.11.35312.102
MinimumVisualStudioVersion = 10.0.40219.1
Project("{8BC9CEB8-8B4A-11D0-8D11-00A0C91BC942}") = "1349765_a2", "1349765_a2.vcxproj", "{2EB910BD-F02F-4C1F-9367-713D4A6F446A}"
EndProject
Global
	GlobalSection(SolutionConfigurationPlatforms) = preSolution
		Debug|x64 = Debug|x64
		Debug|x86 = Debug|x86
		Release|x64 = Release|x64
		Release|x86 = Release|x86
	EndGlobalSection
	GlobalSection(ProjectConfigurationPlatforms) = postSolution
		{2EB910BD-F02F-4C1F-9367-713D4A6F446A}.Debug|x64.ActiveCfg = Debug|x64
		{2EB910BD-F02F-4C1F-9367-713D4A6F446A}.Debug|x64.Build.0 = Debug|x64
		{2EB910BD-F02F-4C1F-9367-713D4A6F446A}.Debug|x86.ActiveCfg = Debug|Win32
		{2EB910BD-F02F-4C1F-9367-713D4A6F446A}.Debug|x86.Build.0 = Debug|Win32
		{2EB910BD-F02F-4C1F-9367-713D4A6F446A}.Release|x64.ActiveCfg = Release|x64
		{2EB910BD-F02F-4C1F-9367-713D4A6F446A}.Release|x64.Build.0 = Release|x64
		{2EB910BD-F02F-4C1F-9367-713D4A6F446A}.Release|x86.ActiveCfg = Release|Win32
		{2EB910BD-F02F-4C1F-9367-713D4A6F446A}.Release|x86.Build.0 = Release|Win32
	EndGlobalSection
	GlobalSection(SolutionProperties) = preSolution
		HideSolutionNode = FALSE
	EndGlobalSection
	GlobalSection(ExtensibilityGlobals) = postSolution
		SolutionGuid = {D264DA90-9892-4DA2-B9F8-FE141918DA19}
	EndGlobalSection
EndGlobal
